
Microsoft Visual Studio Solution File, Format Version 12.00
Project("{FAE04EC0-301F-11D3-BF4B-00C04F79EFBC}") = "HelpDeskBot", "HelpDeskBot\HelpDeskBot.csproj", "{76ACA2ED-7BEA-4195-BFA1-2DBAEC0FFAA0}"
EndProject
Project("{FAE04EC0-301F-11D3-BF4B-00C04F79EFBC}") = "HelpDeskApi", "HelpDeskApi\HelpDeskApi.csproj", "{79BC9725-98A5-4B2A-8795-5CA25E6748B3}"
EndProject
Global
	GlobalSection(SolutionConfigurationPlatforms) = preSolution
		Debug|Any CPU = Debug|Any CPU
		Release|Any CPU = Release|Any CPU
	EndGlobalSection
	GlobalSection(ProjectConfigurationPlatforms) = postSolution
		{76ACA2ED-7BEA-4195-BFA1-2DBAEC0FFAA0}.Debug|Any CPU.ActiveCfg = Debug|Any CPU
		{76ACA2ED-7BEA-4195-BFA1-2DBAEC0FFAA0}.Debug|Any CPU.Build.0 = Debug|Any CPU
		{76ACA2ED-7BEA-4195-BFA1-2DBAEC0FFAA0}.Release|Any CPU.ActiveCfg = Release|Any CPU
		{76ACA2ED-7BEA-4195-BFA1-2DBAEC0FFAA0}.Release|Any CPU.Build.0 = Release|Any CPU
		{79BC9725-98A5-4B2A-8795-5CA25E6748B3}.Debug|Any CPU.ActiveCfg = Debug|Any CPU
		{79BC9725-98A5-4B2A-8795-5CA25E6748B3}.Debug|Any CPU.Build.0 = Debug|Any CPU
		{79BC9725-98A5-4B2A-8795-5CA25E6748B3}.Release|Any CPU.ActiveCfg = Release|Any CPU
		{79BC9725-98A5-4B2A-8795-5CA25E6748B3}.Release|Any CPU.Build.0 = Release|Any CPU
	EndGlobalSection
EndGlobal
